// !$*UTF8*$!
{
	archiveVersion = 1;
	classes = {
	};
	objectVersion = 48;
	objects = {

/* Begin PBXBuildFile section */
		C209AB2E207D9AE7007681AC /* AppDelegate.swift in Sources */ = {isa = PBXBuildFile; fileRef = C209AB2D207D9AE7007681AC /* AppDelegate.swift */; };
		C209AB30207D9AE7007681AC /* ViewController.swift in Sources */ = {isa = PBXBuildFile; fileRef = C209AB2F207D9AE7007681AC /* ViewController.swift */; };
		C209AB33207D9AE7007681AC /* Main.storyboard in Resources */ = {isa = PBXBuildFile; fileRef = C209AB31207D9AE7007681AC /* Main.storyboard */; };
		C209AB35207D9AE7007681AC /* Assets.xcassets in Resources */ = {isa = PBXBuildFile; fileRef = C209AB34207D9AE7007681AC /* Assets.xcassets */; };
		C209AB38207D9AE7007681AC /* LaunchScreen.storyboard in Resources */ = {isa = PBXBuildFile; fileRef = C209AB36207D9AE7007681AC /* LaunchScreen.storyboard */; };
		C209AB43207D9AE8007681AC /* RedPackRainUITests.swift in Sources */ = {isa = PBXBuildFile; fileRef = C209AB42207D9AE8007681AC /* RedPackRainUITests.swift */; };
		C209AB4E207D9B02007681AC /* RedPackRainView.swift in Sources */ = {isa = PBXBuildFile; fileRef = C209AB4D207D9B02007681AC /* RedPackRainView.swift */; };
		C215AF9B207DA96600F07EDF /* redpack2.jpeg in Resources */ = {isa = PBXBuildFile; fileRef = C215AF9A207DA96600F07EDF /* redpack2.jpeg */; };
		C215AF9D207DA96A00F07EDF /* redpack1.jpeg in Resources */ = {isa = PBXBuildFile; fileRef = C215AF9C207DA96A00F07EDF /* redpack1.jpeg */; };
		C215AF9F207DA96E00F07EDF /* redpack3.jpeg in Resources */ = {isa = PBXBuildFile; fileRef = C215AF9E207DA96E00F07EDF /* redpack3.jpeg */; };
/* End PBXBuildFile section */

/* Begin PBXContainerItemProxy section */
		C209AB3F207D9AE8007681AC /* PBXContainerItemProxy */ = {
			isa = PBXContainerItemProxy;
			containerPortal = C209AB22207D9AE7007681AC /* Project object */;
			proxyType = 1;
			remoteGlobalIDString = C209AB29207D9AE7007681AC;
			remoteInfo = RedPackRain;
		};
/* End PBXContainerItemProxy section */

/* Begin PBXFileReference section */
		C209AB2A207D9AE7007681AC /* RedPackRain.app */ = {isa = PBXFileReference; explicitFileType = wrapper.application; includeInIndex = 0; path = RedPackRain.app; sourceTree = BUILT_PRODUCTS_DIR; };
		C209AB2D207D9AE7007681AC /* AppDelegate.swift */ = {isa = PBXFileReference; lastKnownFileType = sourcecode.swift; path = AppDelegate.swift; sourceTree = "<group>"; };
		C209AB2F207D9AE7007681AC /* ViewController.swift */ = {isa = PBXFileReference; lastKnownFileType = sourcecode.swift; path = ViewController.swift; sourceTree = "<group>"; };
		C209AB32207D9AE7007681AC /* Base */ = {isa = PBXFileReference; lastKnownFileType = file.storyboard; name = Base; path = Base.lproj/Main.storyboard; sourceTree = "<group>"; };
		C209AB34207D9AE7007681AC /* Assets.xcassets */ = {isa = PBXFileReference; lastKnownFileType = folder.assetcatalog; path = Assets.xcassets; sourceTree = "<group>"; };
		C209AB37207D9AE7007681AC /* Base */ = {isa = PBXFileReference; lastKnownFileType = file.storyboard; name = Base; path = Base.lproj/LaunchScreen.storyboard; sourceTree = "<group>"; };
		C209AB39207D9AE7007681AC /* Info.plist */ = {isa = PBXFileReference; lastKnownFileType = text.plist.xml; path = Info.plist; sourceTree = "<group>"; };
		C209AB3E207D9AE8007681AC /* RedPackRainUITests.xctest */ = {isa = PBXFileReference; explicitFileType = wrapper.cfbundle; includeInIndex = 0; path = RedPackRainUITests.xctest; sourceTree = BUILT_PRODUCTS_DIR; };
		C209AB42207D9AE8007681AC /* RedPackRainUITests.swift */ = {isa = PBXFileReference; lastKnownFileType = sourcecode.swift; path = RedPackRainUITests.swift; sourceTree = "<group>"; };
		C209AB44207D9AE8007681AC /* Info.plist */ = {isa = PBXFileReference; lastKnownFileType = text.plist.xml; path = Info.plist; sourceTree = "<group>"; };
		C209AB4D207D9B02007681AC /* RedPackRainView.swift */ = {isa = PBXFileReference; lastKnownFileType = sourcecode.swift; path = RedPackRainView.swift; sourceTree = "<group>"; };
		C215AF9A207DA96600F07EDF /* redpack2.jpeg */ = {isa = PBXFileReference; lastKnownFileType = image.jpeg; path = redpack2.jpeg; sourceTree = "<group>"; };
		C215AF9C207DA96A00F07EDF /* redpack1.jpeg */ = {isa = PBXFileReference; lastKnownFileType = image.jpeg; path = redpack1.jpeg; sourceTree = "<group>"; };
		C215AF9E207DA96E00F07EDF /* redpack3.jpeg */ = {isa = PBXFileReference; lastKnownFileType = image.jpeg; path = redpack3.jpeg; sourceTree = "<group>"; };
/* End PBXFileReference section */

/* Begin PBXFrameworksBuildPhase section */
		C209AB27207D9AE7007681AC /* Frameworks */ = {
			isa = PBXFrameworksBuildPhase;
			buildActionMask = 2147483647;
			files = (
			);
			runOnlyForDeploymentPostprocessing = 0;
		};
		C209AB3B207D9AE8007681AC /* Frameworks */ = {
			isa = PBXFrameworksBuildPhase;
			buildActionMask = 2147483647;
			files = (
			);
			runOnlyForDeploymentPostprocessing = 0;
		};
/* End PBXFrameworksBuildPhase section */

/* Begin PBXGroup section */
		C209AB21207D9AE7007681AC = {
			isa = PBXGroup;
			children = (
				C209AB2C207D9AE7007681AC /* RedPackRain */,
				C209AB41207D9AE8007681AC /* RedPackRainUITests */,
				C209AB2B207D9AE7007681AC /* Products */,
			);
			sourceTree = "<group>";
		};
		C209AB2B207D9AE7007681AC /* Products */ = {
			isa = PBXGroup;
			children = (
				C209AB2A207D9AE7007681AC /* RedPackRain.app */,
				C209AB3E207D9AE8007681AC /* RedPackRainUITests.xctest */,
			);
			name = Products;
			sourceTree = "<group>";
		};
		C209AB2C207D9AE7007681AC /* RedPackRain */ = {
			isa = PBXGroup;
			children = (
				C215AFA0207DE0AA00F07EDF /* Classes */,
				C215AF9E207DA96E00F07EDF /* redpack3.jpeg */,
				C215AF9C207DA96A00F07EDF /* redpack1.jpeg */,
				C215AF9A207DA96600F07EDF /* redpack2.jpeg */,
				C209AB2D207D9AE7007681AC /* AppDelegate.swift */,
				C209AB2F207D9AE7007681AC /* ViewController.swift */,
				C209AB31207D9AE7007681AC /* Main.storyboard */,
				C209AB34207D9AE7007681AC /* Assets.xcassets */,
				C209AB36207D9AE7007681AC /* LaunchScreen.storyboard */,
				C209AB39207D9AE7007681AC /* Info.plist */,
			);
			path = RedPackRain;
			sourceTree = "<group>";
		};
		C209AB41207D9AE8007681AC /* RedPackRainUITests */ = {
			isa = PBXGroup;
			children = (
				C209AB42207D9AE8007681AC /* RedPackRainUITests.swift */,
				C209AB44207D9AE8007681AC /* Info.plist */,
			);
			path = RedPackRainUITests;
			sourceTree = "<group>";
		};
		C215AFA0207DE0AA00F07EDF /* Classes */ = {
			isa = PBXGroup;
			children = (
				C209AB4D207D9B02007681AC /* RedPackRainView.swift */,
			);
			path = Classes;
			sourceTree = "<group>";
		};
/* End PBXGroup section */

/* Begin PBXNativeTarget section */
		C209AB29207D9AE7007681AC /* RedPackRain */ = {
			isa = PBXNativeTarget;
			buildConfigurationList = C209AB47207D9AE8007681AC /* Build configuration list for PBXNativeTarget "RedPackRain" */;
			buildPhases = (
				C209AB26207D9AE7007681AC /* Sources */,
				C209AB27207D9AE7007681AC /* Frameworks */,
				C209AB28207D9AE7007681AC /* Resources */,
			);
			buildRules = (
			);
			dependencies = (
			);
			name = RedPackRain;
			productName = RedPackRain;
			productReference = C209AB2A207D9AE7007681AC /* RedPackRain.app */;
			productType = "com.apple.product-type.application";
		};
		C209AB3D207D9AE8007681AC /* RedPackRainUITests */ = {
			isa = PBXNativeTarget;
			buildConfigurationList = C209AB4A207D9AE8007681AC /* Build configuration list for PBXNativeTarget "RedPackRainUITests" */;
			buildPhases = (
				C209AB3A207D9AE8007681AC /* Sources */,
				C209AB3B207D9AE8007681AC /* Frameworks */,
				C209AB3C207D9AE8007681AC /* Resources */,
			);
			buildRules = (
			);
			dependencies = (
				C209AB40207D9AE8007681AC /* PBXTargetDependency */,
			);
			name = RedPackRainUITests;
			productName = RedPackRainUITests;
			productReference = C209AB3E207D9AE8007681AC /* RedPackRainUITests.xctest */;
			productType = "com.apple.product-type.bundle.ui-testing";
		};
/* End PBXNativeTarget section */

/* Begin PBXProject section */
		C209AB22207D9AE7007681AC /* Project object */ = {
			isa = PBXProject;
			attributes = {
				LastSwiftUpdateCheck = 0920;
				LastUpgradeCheck = 0920;
				ORGANIZATIONNAME = Orange;
				TargetAttributes = {
					C209AB29207D9AE7007681AC = {
						CreatedOnToolsVersion = 9.2;
						ProvisioningStyle = Automatic;
					};
					C209AB3D207D9AE8007681AC = {
						CreatedOnToolsVersion = 9.2;
						ProvisioningStyle = Automatic;
						TestTargetID = C209AB29207D9AE7007681AC;
					};
				};
			};
			buildConfigurationList = C209AB25207D9AE7007681AC /* Build configuration list for PBXProject "RedPackRainView" */;
			compatibilityVersion = "Xcode 8.0";
			developmentRegion = en;
			hasScannedForEncodings = 0;
			knownRegions = (
				en,
				Base,
			);
			mainGroup = C209AB21207D9AE7007681AC;
			productRefGroup = C209AB2B207D9AE7007681AC /* Products */;
			projectDirPath = "";
			projectRoot = "";
			targets = (
				C209AB29207D9AE7007681AC /* RedPackRain */,
				C209AB3D207D9AE8007681AC /* RedPackRainUITests */,
			);
		};
/* End PBXProject section */

/* Begin PBXResourcesBuildPhase section */
		C209AB28207D9AE7007681AC /* Resources */ = {
			isa = PBXResourcesBuildPhase;
			buildActionMask = 2147483647;
			files = (
				C215AF9B207DA96600F07EDF /* redpack2.jpeg in Resources */,
				C209AB38207D9AE7007681AC /* LaunchScreen.storyboard in Resources */,
				C209AB35207D9AE7007681AC /* Assets.xcassets in Resources */,
				C215AF9F207DA96E00F07EDF /* redpack3.jpeg in Resources */,
				C209AB33207D9AE7007681AC /* Main.storyboard in Resources */,
				C215AF9D207DA96A00F07EDF /* redpack1.jpeg in Resources */,
			);
			runOnlyForDeploymentPostprocessing = 0;
		};
		C209AB3C207D9AE8007681AC /* Resources */ = {
			isa = PBXResourcesBuildPhase;
			buildActionMask = 2147483647;
			files = (
			);
			runOnlyForDeploymentPostprocessing = 0;
		};
/* End PBXResourcesBuildPhase section */

/* Begin PBXSourcesBuildPhase section */
		C209AB26207D9AE7007681AC /* Sources */ = {
			isa = PBXSourcesBuildPhase;
			buildActionMask = 2147483647;
			files = (
				C209AB30207D9AE7007681AC /* ViewController.swift in Sources */,
				C209AB2E207D9AE7007681AC /* AppDelegate.swift in Sources */,
				C209AB4E207D9B02007681AC /* RedPackRainView.swift in Sources */,
			);
			runOnlyForDeploymentPostprocessing = 0;
		};
		C209AB3A207D9AE8007681AC /* Sources */ = {
			isa = PBXSourcesBuildPhase;
			buildActionMask = 2147483647;
			files = (
				C209AB43207D9AE8007681AC /* RedPackRainUITests.swift in Sources */,
			);
			runOnlyForDeploymentPostprocessing = 0;
		};
/* End PBXSourcesBuildPhase section */

/* Begin PBXTargetDependency section */
		C209AB40207D9AE8007681AC /* PBXTargetDependency */ = {
			isa = PBXTargetDependency;
			target = C209AB29207D9AE7007681AC /* RedPackRain */;
			targetProxy = C209AB3F207D9AE8007681AC /* PBXContainerItemProxy */;
		};
/* End PBXTargetDependency section */

/* Begin PBXVariantGroup section */
		C209AB31207D9AE7007681AC /* Main.storyboard */ = {
			isa = PBXVariantGroup;
			children = (
				C209AB32207D9AE7007681AC /* Base */,
			);
			name = Main.storyboard;
			sourceTree = "<group>";
		};
		C209AB36207D9AE7007681AC /* LaunchScreen.storyboard */ = {
			isa = PBXVariantGroup;
			children = (
				C209AB37207D9AE7007681AC /* Base */,
			);
			name = LaunchScreen.storyboard;
			sourceTree = "<group>";
		};
/* End PBXVariantGroup section */

/* Begin XCBuildConfiguration section */
		C209AB45207D9AE8007681AC /* Debug */ = {
			isa = XCBuildConfiguration;
			buildSettings = {
				ALWAYS_SEARCH_USER_PATHS = NO;
				CLANG_ANALYZER_NONNULL = YES;
				CLANG_ANALYZER_NUMBER_OBJECT_CONVERSION = YES_AGGRESSIVE;
				CLANG_CXX_LANGUAGE_STANDARD = "gnu++14";
				CLANG_CXX_LIBRARY = "libc++";
				CLANG_ENABLE_MODULES = YES;
				CLANG_ENABLE_OBJC_ARC = YES;
				CLANG_WARN_BLOCK_CAPTURE_AUTORELEASING = YES;
				CLANG_WARN_BOOL_CONVERSION = YES;
				CLANG_WARN_COMMA = YES;
				CLANG_WARN_CONSTANT_CONVERSION = YES;
				CLANG_WARN_DIRECT_OBJC_ISA_USAGE = YES_ERROR;
				CLANG_WARN_DOCUMENTATION_COMMENTS = YES;
				CLANG_WARN_EMPTY_BODY = YES;
				CLANG_WARN_ENUM_CONVERSION = YES;
				CLANG_WARN_INFINITE_RECURSION = YES;
				CLANG_WARN_INT_CONVERSION = YES;
				CLANG_WARN_NON_LITERAL_NULL_CONVERSION = YES;
				CLANG_WARN_OBJC_LITERAL_CONVERSION = YES;
				CLANG_WARN_OBJC_ROOT_CLASS = YES_ERROR;
				CLANG_WARN_RANGE_LOOP_ANALYSIS = YES;
				CLANG_WARN_STRICT_PROTOTYPES = YES;
				CLANG_WARN_SUSPICIOUS_MOVE = YES;
				CLANG_WARN_UNGUARDED_AVAILABILITY = YES_AGGRESSIVE;
				CLANG_WARN_UNREACHABLE_CODE = YES;
				CLANG_WARN__DUPLICATE_METHOD_MATCH = YES;
				CODE_SIGN_IDENTITY = "iPhone Developer";
				COPY_PHASE_STRIP = NO;
				DEBUG_INFORMATION_FORMAT = dwarf;
				ENABLE_STRICT_OBJC_MSGSEND = YES;
				ENABLE_TESTABILITY = YES;
				GCC_C_LANGUAGE_STANDARD = gnu11;
				GCC_DYNAMIC_NO_PIC = NO;
				GCC_NO_COMMON_BLOCKS = YES;
				GCC_OPTIMIZATION_LEVEL = 0;
				GCC_PREPROCESSOR_DEFINITIONS = (
					"DEBUG=1",
					"$(inherited)",
				);
				GCC_WARN_64_TO_32_BIT_CONVERSION = YES;
				GCC_WARN_ABOUT_RETURN_TYPE = YES_ERROR;
				GCC_WARN_UNDECLARED_SELECTOR = YES;
				GCC_WARN_UNINITIALIZED_AUTOS = YES_AGGRESSIVE;
				GCC_WARN_UNUSED_FUNCTION = YES;
				GCC_WARN_UNUSED_VARIABLE = YES;
				IPHONEOS_DEPLOYMENT_TARGET = 11.2;
				MTL_ENABLE_DEBUG_INFO = YES;
				ONLY_ACTIVE_ARCH = YES;
				SDKROOT = iphoneos;
				SWIFT_ACTIVE_COMPILATION_CONDITIONS = DEBUG;
				SWIFT_OPTIMIZATION_LEVEL = "-Onone";
			};
			name = Debug;
		};
		C209AB46207D9AE8007681AC /* Release */ = {
			isa = XCBuildConfiguration;
			buildSettings = {
				ALWAYS_SEARCH_USER_PATHS = NO;
				CLANG_ANALYZER_NONNULL = YES;
				CLANG_ANALYZER_NUMBER_OBJECT_CONVERSION = YES_AGGRESSIVE;
				CLANG_CXX_LANGUAGE_STANDARD = "gnu++14";
				CLANG_CXX_LIBRARY = "libc++";
				CLANG_ENABLE_MODULES = YES;
				CLANG_ENABLE_OBJC_ARC = YES;
				CLANG_WARN_BLOCK_CAPTURE_AUTORELEASING = YES;
				CLANG_WARN_BOOL_CONVERSION = YES;
				CLANG_WARN_COMMA = YES;
				CLANG_WARN_CONSTANT_CONVERSION = YES;
				CLANG_WARN_DIRECT_OBJC_ISA_USAGE = YES_ERROR;
				CLANG_WARN_DOCUMENTATION_COMMENTS = YES;
				CLANG_WARN_EMPTY_BODY = YES;
				CLANG_WARN_ENUM_CONVERSION = YES;
				CLANG_WARN_INFINITE_RECURSION = YES;
				CLANG_WARN_INT_CONVERSION = YES;
				CLANG_WARN_NON_LITERAL_NULL_CONVERSION = YES;
				CLANG_WARN_OBJC_LITERAL_CONVERSION = YES;
				CLANG_WARN_OBJC_ROOT_CLASS = YES_ERROR;
				CLANG_WARN_RANGE_LOOP_ANALYSIS = YES;
				CLANG_WARN_STRICT_PROTOTYPES = YES;
				CLANG_WARN_SUSPICIOUS_MOVE = YES;
				CLANG_WARN_UNGUARDED_AVAILABILITY = YES_AGGRESSIVE;
				CLANG_WARN_UNREACHABLE_CODE = YES;
				CLANG_WARN__DUPLICATE_METHOD_MATCH = YES;
				CODE_SIGN_IDENTITY = "iPhone Developer";
				COPY_PHASE_STRIP = NO;
				DEBUG_INFORMATION_FORMAT = "dwarf-with-dsym";
				ENABLE_NS_ASSERTIONS = NO;
				ENABLE_STRICT_OBJC_MSGSEND = YES;
				GCC_C_LANGUAGE_STANDARD = gnu11;
				GCC_NO_COMMON_BLOCKS = YES;
				GCC_WARN_64_TO_32_BIT_CONVERSION = YES;
				GCC_WARN_ABOUT_RETURN_TYPE = YES_ERROR;
				GCC_WARN_UNDECLARED_SELECTOR = YES;
				GCC_WARN_UNINITIALIZED_AUTOS = YES_AGGRESSIVE;
				GCC_WARN_UNUSED_FUNCTION = YES;
				GCC_WARN_UNUSED_VARIABLE = YES;
				IPHONEOS_DEPLOYMENT_TARGET = 11.2;
				MTL_ENABLE_DEBUG_INFO = NO;
				SDKROOT = iphoneos;
				SWIFT_OPTIMIZATION_LEVEL = "-Owholemodule";
				VALIDATE_PRODUCT = YES;
			};
			name = Release;
		};
		C209AB48207D9AE8007681AC /* Debug */ = {
			isa = XCBuildConfiguration;
			buildSettings = {
				ASSETCATALOG_COMPILER_APPICON_NAME = AppIcon;
				CODE_SIGN_STYLE = Automatic;
				DEVELOPMENT_TEAM = 4578MP3V88;
				INFOPLIST_FILE = RedPackRain/Info.plist;
				LD_RUNPATH_SEARCH_PATHS = "$(inherited) @executable_path/Frameworks";
				PRODUCT_BUNDLE_IDENTIFIER = com.testsmall.RedPackRain;
				PRODUCT_NAME = "$(TARGET_NAME)";
				SWIFT_VERSION = 4.0;
				TARGETED_DEVICE_FAMILY = "1,2";
			};
			name = Debug;
		};
		C209AB49207D9AE8007681AC /* Release */ = {
			isa = XCBuildConfiguration;
			buildSettings = {
				ASSETCATALOG_COMPILER_APPICON_NAME = AppIcon;
				CODE_SIGN_STYLE = Automatic;
				DEVELOPMENT_TEAM = 4578MP3V88;
				INFOPLIST_FILE = RedPackRain/Info.plist;
				LD_RUNPATH_SEARCH_PATHS = "$(inherited) @executable_path/Frameworks";
				PRODUCT_BUNDLE_IDENTIFIER = com.testsmall.RedPackRain;
				PRODUCT_NAME = "$(TARGET_NAME)";
				SWIFT_VERSION = 4.0;
				TARGETED_DEVICE_FAMILY = "1,2";
			};
			name = Release;
		};
		C209AB4B207D9AE8007681AC /* Debug */ = {
			isa = XCBuildConfiguration;
			buildSettings = {
				ALWAYS_EMBED_SWIFT_STANDARD_LIBRARIES = YES;
				CODE_SIGN_STYLE = Automatic;
				DEVELOPMENT_TEAM = 4578MP3V88;
				INFOPLIST_FILE = RedPackRainUITests/Info.plist;
				LD_RUNPATH_SEARCH_PATHS = "$(inherited) @executable_path/Frameworks @loader_path/Frameworks";
				PRODUCT_BUNDLE_IDENTIFIER = com.testsmall.RedPackRainUITests;
				PRODUCT_NAME = "$(TARGET_NAME)";
				SWIFT_VERSION = 4.0;
				TARGETED_DEVICE_FAMILY = "1,2";
				TEST_TARGET_NAME = RedPackRain;
			};
			name = Debug;
		};
		C209AB4C207D9AE8007681AC /* Release */ = {
			isa = XCBuildConfiguration;
			buildSettings = {
				ALWAYS_EMBED_SWIFT_STANDARD_LIBRARIES = YES;
				CODE_SIGN_STYLE = Automatic;
				DEVELOPMENT_TEAM = 4578MP3V88;
				INFOPLIST_FILE = RedPackRainUITests/Info.plist;
				LD_RUNPATH_SEARCH_PATHS = "$(inherited) @executable_path/Frameworks @loader_path/Frameworks";
				PRODUCT_BUNDLE_IDENTIFIER = com.testsmall.RedPackRainUITests;
				PRODUCT_NAME = "$(TARGET_NAME)";
				SWIFT_VERSION = 4.0;
				TARGETED_DEVICE_FAMILY = "1,2";
				TEST_TARGET_NAME = RedPackRain;
			};
			name = Release;
		};
/* End XCBuildConfiguration section */

/* Begin XCConfigurationList section */
		C209AB25207D9AE7007681AC /* Build configuration list for PBXProject "RedPackRainView" */ = {
			isa = XCConfigurationList;
			buildConfigurations = (
				C209AB45207D9AE8007681AC /* Debug */,
				C209AB46207D9AE8007681AC /* Release */,
			);
			defaultConfigurationIsVisible = 0;
			defaultConfigurationName = Release;
		};
		C209AB47207D9AE8007681AC /* Build configuration list for PBXNativeTarget "RedPackRain" */ = {
			isa = XCConfigurationList;
			buildConfigurations = (
				C209AB48207D9AE8007681AC /* Debug */,
				C209AB49207D9AE8007681AC /* Release */,
			);
			defaultConfigurationIsVisible = 0;
			defaultConfigurationName = Release;
		};
		C209AB4A207D9AE8007681AC /* Build configuration list for PBXNativeTarget "RedPackRainUITests" */ = {
			isa = XCConfigurationList;
			buildConfigurations = (
				C209AB4B207D9AE8007681AC /* Debug */,
				C209AB4C207D9AE8007681AC /* Release */,
			);
			defaultConfigurationIsVisible = 0;
			defaultConfigurationName = Release;
		};
/* End XCConfigurationList section */
	};
	rootObject = C209AB22207D9AE7007681AC /* Project object */;
}
